
Microsoft Visual Studio Solution File, Format Version 12.00
# Visual Studio 15
VisualStudioVersion = 15.0.28307.572
MinimumVisualStudioVersion = 10.0.40219.1
Project("{FAE04EC0-301F-11D3-BF4B-00C04F79EFBC}") = "wcf_chat2", "wcf_chat2\wcf_chat2.csproj", "{E5B779DB-B382-4A68-BD4F-F725CD2431F8}"
EndProject
Project("{FAE04EC0-301F-11D3-BF4B-00C04F79EFBC}") = "ChatHost", "ChatHost\ChatHost.csproj", "{A68ADAC3-E461-4D76-8563-AB59A35FD694}"
EndProject
Global
	GlobalSection(SolutionConfigurationPlatforms) = preSolution
		Debug|Any CPU = Debug|Any CPU
		Release|Any CPU = Release|Any CPU
	EndGlobalSection
	GlobalSection(ProjectConfigurationPlatforms) = postSolution
		{E5B779DB-B382-4A68-BD4F-F725CD2431F8}.Debug|Any CPU.ActiveCfg = Debug|Any CPU
		{E5B779DB-B382-4A68-BD4F-F725CD2431F8}.Debug|Any CPU.Build.0 = Debug|Any CPU
		{E5B779DB-B382-4A68-BD4F-F725CD2431F8}.Release|Any CPU.ActiveCfg = Release|Any CPU
		{E5B779DB-B382-4A68-BD4F-F725CD2431F8}.Release|Any CPU.Build.0 = Release|Any CPU
		{A68ADAC3-E461-4D76-8563-AB59A35FD694}.Debug|Any CPU.ActiveCfg = Debug|Any CPU
		{A68ADAC3-E461-4D76-8563-AB59A35FD694}.Debug|Any CPU.Build.0 = Debug|Any CPU
		{A68ADAC3-E461-4D76-8563-AB59A35FD694}.Release|Any CPU.ActiveCfg = Release|Any CPU
		{A68ADAC3-E461-4D76-8563-AB59A35FD694}.Release|Any CPU.Build.0 = Release|Any CPU
	EndGlobalSection
	GlobalSection(SolutionProperties) = preSolution
		HideSolutionNode = FALSE
	EndGlobalSection
	GlobalSection(ExtensibilityGlobals) = postSolution
		SolutionGuid = {BAAC8994-1612-4AFD-8E19-1D351A4DA294}
	EndGlobalSection
EndGlobal
